// !$*UTF8*$!
{
	archiveVersion = 1;
	classes = {
	};
	objectVersion = 48;
	objects = {

/* Begin PBXBuildFile section */
		401CA89FC77C22DDCA6443E2 /* Pods_CarServiceInfo.framework in Frameworks */ = {isa = PBXBuildFile; fileRef = 19D2AC2C127403293D88395F /* Pods_CarServiceInfo.framework */; };
		7ED9CB3AE0891D6D729C5205 /* Pods_CarServiceInfoTests.framework in Frameworks */ = {isa = PBXBuildFile; fileRef = 940FBA65508FA37E61B43D94 /* Pods_CarServiceInfoTests.framework */; };
		9727BA6B1DB3B64B003D1272 /* Constants.swift in Sources */ = {isa = PBXBuildFile; fileRef = 9727BA6A1DB3B64B003D1272 /* Constants.swift */; };
		9727BA6D1DB3BEBC003D1272 /* CurrentNews.swift in Sources */ = {isa = PBXBuildFile; fileRef = 9727BA6C1DB3BEBC003D1272 /* CurrentNews.swift */; };
		97536CCA1DA8E53900D56DCF /* AppDelegate.swift in Sources */ = {isa = PBXBuildFile; fileRef = 97536CC91DA8E53900D56DCF /* AppDelegate.swift */; };
		97536CCC1DA8E53900D56DCF /* ViewController.swift in Sources */ = {isa = PBXBuildFile; fileRef = 97536CCB1DA8E53900D56DCF /* ViewController.swift */; };
		97536CCF1DA8E53900D56DCF /* Main.storyboard in Resources */ = {isa = PBXBuildFile; fileRef = 97536CCD1DA8E53900D56DCF /* Main.storyboard */; };
		97536CD21DA8E53900D56DCF /* CarServiceInfo.xcdatamodeld in Sources */ = {isa = PBXBuildFile; fileRef = 97536CD01DA8E53900D56DCF /* CarServiceInfo.xcdatamodeld */; };
		97536CD41DA8E53900D56DCF /* Assets.xcassets in Resources */ = {isa = PBXBuildFile; fileRef = 97536CD31DA8E53900D56DCF /* Assets.xcassets */; };
		97536CD71DA8E53900D56DCF /* LaunchScreen.storyboard in Resources */ = {isa = PBXBuildFile; fileRef = 97536CD51DA8E53900D56DCF /* LaunchScreen.storyboard */; };
		97536CE21DA8E53900D56DCF /* CarServiceInfoTests.swift in Sources */ = {isa = PBXBuildFile; fileRef = 97536CE11DA8E53900D56DCF /* CarServiceInfoTests.swift */; };
		97536CED1DA8E53900D56DCF /* CarServiceInfoUITests.swift in Sources */ = {isa = PBXBuildFile; fileRef = 97536CEC1DA8E53900D56DCF /* CarServiceInfoUITests.swift */; };
		9787D22D1DB246D100EEE271 /* MapVC.swift in Sources */ = {isa = PBXBuildFile; fileRef = 9787D22C1DB246D100EEE271 /* MapVC.swift */; };
		9787D22F1DB24B3200EEE271 /* WorkGroupKindVC.swift in Sources */ = {isa = PBXBuildFile; fileRef = 9787D22E1DB24B3200EEE271 /* WorkGroupKindVC.swift */; };
		9787D2311DB2519100EEE271 /* WorkGroupVC.swift in Sources */ = {isa = PBXBuildFile; fileRef = 9787D2301DB2519100EEE271 /* WorkGroupVC.swift */; };
		9787D2331DB251EE00EEE271 /* WorkVC.swift in Sources */ = {isa = PBXBuildFile; fileRef = 9787D2321DB251EE00EEE271 /* WorkVC.swift */; };
		9787D2371DB2542800EEE271 /* WorkGroupCell.swift in Sources */ = {isa = PBXBuildFile; fileRef = 9787D2361DB2542800EEE271 /* WorkGroupCell.swift */; };
		9787D2441DB25C6500EEE271 /* Image+CoreDataClass.swift in Sources */ = {isa = PBXBuildFile; fileRef = 9787D23E1DB25C6500EEE271 /* Image+CoreDataClass.swift */; };
		9787D2451DB25C6500EEE271 /* Image+CoreDataProperties.swift in Sources */ = {isa = PBXBuildFile; fileRef = 9787D23F1DB25C6500EEE271 /* Image+CoreDataProperties.swift */; };
		9787D2461DB25C6500EEE271 /* PriceGroup+CoreDataClass.swift in Sources */ = {isa = PBXBuildFile; fileRef = 9787D2401DB25C6500EEE271 /* PriceGroup+CoreDataClass.swift */; };
		9787D2471DB25C6500EEE271 /* PriceGroup+CoreDataProperties.swift in Sources */ = {isa = PBXBuildFile; fileRef = 9787D2411DB25C6500EEE271 /* PriceGroup+CoreDataProperties.swift */; };
		9787D2481DB25C6500EEE271 /* Price+CoreDataClass.swift in Sources */ = {isa = PBXBuildFile; fileRef = 9787D2421DB25C6500EEE271 /* Price+CoreDataClass.swift */; };
		9787D2491DB25C6500EEE271 /* Price+CoreDataProperties.swift in Sources */ = {isa = PBXBuildFile; fileRef = 9787D2431DB25C6500EEE271 /* Price+CoreDataProperties.swift */; };
		9787D24B1DB2683C00EEE271 /* WorkCell.swift in Sources */ = {isa = PBXBuildFile; fileRef = 9787D24A1DB2683C00EEE271 /* WorkCell.swift */; };
		9794279E1DB5EEAE00F88A74 /* Message.swift in Sources */ = {isa = PBXBuildFile; fileRef = 9794279D1DB5EEAE00F88A74 /* Message.swift */; };
		979427A01DB5F36100F88A74 /* PriceDB.swift in Sources */ = {isa = PBXBuildFile; fileRef = 9794279F1DB5F36100F88A74 /* PriceDB.swift */; };
		CE2C79E11DCF67C70072F790 /* MapViewDecorator.swift in Sources */ = {isa = PBXBuildFile; fileRef = CE2C79E01DCF67C70072F790 /* MapViewDecorator.swift */; };
		CE2C7A4B1DF09ADD0072F790 /* Repository.swift in Sources */ = {isa = PBXBuildFile; fileRef = CE2C7A4A1DF09ADD0072F790 /* Repository.swift */; };
		CE2C7A501DF7C18B0072F790 /* DataUpdater.swift in Sources */ = {isa = PBXBuildFile; fileRef = CE2C7A4C1DF7C18B0072F790 /* DataUpdater.swift */; };
		CE2C7A511DF7C18B0072F790 /* Entity.swift in Sources */ = {isa = PBXBuildFile; fileRef = CE2C7A4D1DF7C18B0072F790 /* Entity.swift */; };
		CE2C7A521DF7C18B0072F790 /* Work.swift in Sources */ = {isa = PBXBuildFile; fileRef = CE2C7A4E1DF7C18B0072F790 /* Work.swift */; };
		CE2C7A531DF7C18B0072F790 /* WorkGroup.swift in Sources */ = {isa = PBXBuildFile; fileRef = CE2C7A4F1DF7C18B0072F790 /* WorkGroup.swift */; };
		CE2C7A551DF7C1B00072F790 /* ModelDataUpdater.swift in Sources */ = {isa = PBXBuildFile; fileRef = CE2C7A541DF7C1B00072F790 /* ModelDataUpdater.swift */; };
		CE7283D81DC1171300ED76D1 /* Podfile in Resources */ = {isa = PBXBuildFile; fileRef = CE7283D71DC1171300ED76D1 /* Podfile */; };
		CE7283DA1DC25C2D00ED76D1 /* MapMarker.swift in Sources */ = {isa = PBXBuildFile; fileRef = CE7283D91DC25C2D00ED76D1 /* MapMarker.swift */; };
		CE7283DE1DC25EA200ED76D1 /* MarkersProvider.swift in Sources */ = {isa = PBXBuildFile; fileRef = CE7283DD1DC25EA200ED76D1 /* MarkersProvider.swift */; };
		CE7283E01DC27EC500ED76D1 /* MarkersManager.swift in Sources */ = {isa = PBXBuildFile; fileRef = CE7283DF1DC27EC500ED76D1 /* MarkersManager.swift */; };
		CE7283E21DC2853600ED76D1 /* MapViewProtocol.swift in Sources */ = {isa = PBXBuildFile; fileRef = CE7283E11DC2853600ED76D1 /* MapViewProtocol.swift */; };
		CE7283F31DC65F7C00ED76D1 /* Alamofire.framework in Frameworks */ = {isa = PBXBuildFile; fileRef = CE7283F11DC60EE500ED76D1 /* Alamofire.framework */; };
		CE7283F51DC660AD00ED76D1 /* Pods_CarServiceInfo.framework in Frameworks */ = {isa = PBXBuildFile; fileRef = CE7283F41DC660AD00ED76D1 /* Pods_CarServiceInfo.framework */; };
/* End PBXBuildFile section */

/* Begin PBXContainerItemProxy section */
		97536CDE1DA8E53900D56DCF /* PBXContainerItemProxy */ = {
			isa = PBXContainerItemProxy;
			containerPortal = 97536CBE1DA8E53800D56DCF /* Project object */;
			proxyType = 1;
			remoteGlobalIDString = 97536CC51DA8E53900D56DCF;
			remoteInfo = CarServiceInfo;
		};
		97536CE91DA8E53900D56DCF /* PBXContainerItemProxy */ = {
			isa = PBXContainerItemProxy;
			containerPortal = 97536CBE1DA8E53800D56DCF /* Project object */;
			proxyType = 1;
			remoteGlobalIDString = 97536CC51DA8E53900D56DCF;
			remoteInfo = CarServiceInfo;
		};
/* End PBXContainerItemProxy section */

/* Begin PBXFileReference section */
		19D2AC2C127403293D88395F /* Pods_CarServiceInfo.framework */ = {isa = PBXFileReference; explicitFileType = wrapper.framework; includeInIndex = 0; path = Pods_CarServiceInfo.framework; sourceTree = BUILT_PRODUCTS_DIR; };
		79C89FD1394BE32BAF1ED791 /* Pods-CarServiceInfoTests.release.xcconfig */ = {isa = PBXFileReference; includeInIndex = 1; lastKnownFileType = text.xcconfig; name = "Pods-CarServiceInfoTests.release.xcconfig"; path = "Pods/Target Support Files/Pods-CarServiceInfoTests/Pods-CarServiceInfoTests.release.xcconfig"; sourceTree = "<group>"; };
		940FBA65508FA37E61B43D94 /* Pods_CarServiceInfoTests.framework */ = {isa = PBXFileReference; explicitFileType = wrapper.framework; includeInIndex = 0; path = Pods_CarServiceInfoTests.framework; sourceTree = BUILT_PRODUCTS_DIR; };
		9727BA6A1DB3B64B003D1272 /* Constants.swift */ = {isa = PBXFileReference; fileEncoding = 4; lastKnownFileType = sourcecode.swift; path = Constants.swift; sourceTree = "<group>"; };
		9727BA6C1DB3BEBC003D1272 /* CurrentNews.swift */ = {isa = PBXFileReference; fileEncoding = 4; lastKnownFileType = sourcecode.swift; path = CurrentNews.swift; sourceTree = "<group>"; };
		97536CC61DA8E53900D56DCF /* CarServiceInfo.app */ = {isa = PBXFileReference; explicitFileType = wrapper.application; includeInIndex = 0; path = CarServiceInfo.app; sourceTree = BUILT_PRODUCTS_DIR; };
		97536CC91DA8E53900D56DCF /* AppDelegate.swift */ = {isa = PBXFileReference; lastKnownFileType = sourcecode.swift; path = AppDelegate.swift; sourceTree = "<group>"; };
		97536CCB1DA8E53900D56DCF /* ViewController.swift */ = {isa = PBXFileReference; lastKnownFileType = sourcecode.swift; path = ViewController.swift; sourceTree = "<group>"; };
		97536CCE1DA8E53900D56DCF /* Base */ = {isa = PBXFileReference; lastKnownFileType = file.storyboard; name = Base; path = Base.lproj/Main.storyboard; sourceTree = "<group>"; };
		97536CD11DA8E53900D56DCF /* CarServiceInfo.xcdatamodel */ = {isa = PBXFileReference; lastKnownFileType = wrapper.xcdatamodel; path = CarServiceInfo.xcdatamodel; sourceTree = "<group>"; };
		97536CD31DA8E53900D56DCF /* Assets.xcassets */ = {isa = PBXFileReference; lastKnownFileType = folder.assetcatalog; path = Assets.xcassets; sourceTree = "<group>"; };
		97536CD61DA8E53900D56DCF /* Base */ = {isa = PBXFileReference; lastKnownFileType = file.storyboard; name = Base; path = Base.lproj/LaunchScreen.storyboard; sourceTree = "<group>"; };
		97536CD81DA8E53900D56DCF /* Info.plist */ = {isa = PBXFileReference; lastKnownFileType = text.plist.xml; path = Info.plist; sourceTree = "<group>"; };
		97536CDD1DA8E53900D56DCF /* CarServiceInfoTests.xctest */ = {isa = PBXFileReference; explicitFileType = wrapper.cfbundle; includeInIndex = 0; path = CarServiceInfoTests.xctest; sourceTree = BUILT_PRODUCTS_DIR; };
		97536CE11DA8E53900D56DCF /* CarServiceInfoTests.swift */ = {isa = PBXFileReference; lastKnownFileType = sourcecode.swift; path = CarServiceInfoTests.swift; sourceTree = "<group>"; };
		97536CE31DA8E53900D56DCF /* Info.plist */ = {isa = PBXFileReference; lastKnownFileType = text.plist.xml; path = Info.plist; sourceTree = "<group>"; };
		97536CE81DA8E53900D56DCF /* CarServiceInfoUITests.xctest */ = {isa = PBXFileReference; explicitFileType = wrapper.cfbundle; includeInIndex = 0; path = CarServiceInfoUITests.xctest; sourceTree = BUILT_PRODUCTS_DIR; };
		97536CEC1DA8E53900D56DCF /* CarServiceInfoUITests.swift */ = {isa = PBXFileReference; lastKnownFileType = sourcecode.swift; path = CarServiceInfoUITests.swift; sourceTree = "<group>"; };
		97536CEE1DA8E53900D56DCF /* Info.plist */ = {isa = PBXFileReference; lastKnownFileType = text.plist.xml; path = Info.plist; sourceTree = "<group>"; };
		9787D22C1DB246D100EEE271 /* MapVC.swift */ = {isa = PBXFileReference; fileEncoding = 4; lastKnownFileType = sourcecode.swift; path = MapVC.swift; sourceTree = "<group>"; };
		9787D22E1DB24B3200EEE271 /* WorkGroupKindVC.swift */ = {isa = PBXFileReference; fileEncoding = 4; lastKnownFileType = sourcecode.swift; path = WorkGroupKindVC.swift; sourceTree = "<group>"; };
		9787D2301DB2519100EEE271 /* WorkGroupVC.swift */ = {isa = PBXFileReference; fileEncoding = 4; lastKnownFileType = sourcecode.swift; path = WorkGroupVC.swift; sourceTree = "<group>"; };
		9787D2321DB251EE00EEE271 /* WorkVC.swift */ = {isa = PBXFileReference; fileEncoding = 4; lastKnownFileType = sourcecode.swift; path = WorkVC.swift; sourceTree = "<group>"; };
		9787D2361DB2542800EEE271 /* WorkGroupCell.swift */ = {isa = PBXFileReference; fileEncoding = 4; lastKnownFileType = sourcecode.swift; path = WorkGroupCell.swift; sourceTree = "<group>"; };
		9787D23E1DB25C6500EEE271 /* Image+CoreDataClass.swift */ = {isa = PBXFileReference; fileEncoding = 4; lastKnownFileType = sourcecode.swift; name = "Image+CoreDataClass.swift"; path = "../Image+CoreDataClass.swift"; sourceTree = "<group>"; };
		9787D23F1DB25C6500EEE271 /* Image+CoreDataProperties.swift */ = {isa = PBXFileReference; fileEncoding = 4; lastKnownFileType = sourcecode.swift; name = "Image+CoreDataProperties.swift"; path = "../Image+CoreDataProperties.swift"; sourceTree = "<group>"; };
		9787D2401DB25C6500EEE271 /* PriceGroup+CoreDataClass.swift */ = {isa = PBXFileReference; fileEncoding = 4; lastKnownFileType = sourcecode.swift; name = "PriceGroup+CoreDataClass.swift"; path = "../PriceGroup+CoreDataClass.swift"; sourceTree = "<group>"; };
		9787D2411DB25C6500EEE271 /* PriceGroup+CoreDataProperties.swift */ = {isa = PBXFileReference; fileEncoding = 4; lastKnownFileType = sourcecode.swift; name = "PriceGroup+CoreDataProperties.swift"; path = "../PriceGroup+CoreDataProperties.swift"; sourceTree = "<group>"; };
		9787D2421DB25C6500EEE271 /* Price+CoreDataClass.swift */ = {isa = PBXFileReference; fileEncoding = 4; lastKnownFileType = sourcecode.swift; name = "Price+CoreDataClass.swift"; path = "../Price+CoreDataClass.swift"; sourceTree = "<group>"; };
		9787D2431DB25C6500EEE271 /* Price+CoreDataProperties.swift */ = {isa = PBXFileReference; fileEncoding = 4; lastKnownFileType = sourcecode.swift; name = "Price+CoreDataProperties.swift"; path = "../Price+CoreDataProperties.swift"; sourceTree = "<group>"; };
		9787D24A1DB2683C00EEE271 /* WorkCell.swift */ = {isa = PBXFileReference; fileEncoding = 4; lastKnownFileType = sourcecode.swift; path = WorkCell.swift; sourceTree = "<group>"; };
		9794279D1DB5EEAE00F88A74 /* Message.swift */ = {isa = PBXFileReference; fileEncoding = 4; lastKnownFileType = sourcecode.swift; path = Message.swift; sourceTree = "<group>"; };
		9794279F1DB5F36100F88A74 /* PriceDB.swift */ = {isa = PBXFileReference; fileEncoding = 4; lastKnownFileType = sourcecode.swift; path = PriceDB.swift; sourceTree = "<group>"; };
		C56A26885BEB0DB2383DE401 /* Pods-CarServiceInfo.release.xcconfig */ = {isa = PBXFileReference; includeInIndex = 1; lastKnownFileType = text.xcconfig; name = "Pods-CarServiceInfo.release.xcconfig"; path = "Pods/Target Support Files/Pods-CarServiceInfo/Pods-CarServiceInfo.release.xcconfig"; sourceTree = "<group>"; };
		C7A960537ED405FDBD2913D4 /* Pods_CarServiceInfoUITests.framework */ = {isa = PBXFileReference; explicitFileType = wrapper.framework; includeInIndex = 0; path = Pods_CarServiceInfoUITests.framework; sourceTree = BUILT_PRODUCTS_DIR; };
		CE2C79E01DCF67C70072F790 /* MapViewDecorator.swift */ = {isa = PBXFileReference; fileEncoding = 4; lastKnownFileType = sourcecode.swift; path = MapViewDecorator.swift; sourceTree = "<group>"; };
		CE2C7A021DE2A0810072F790 /* GoogleMaps.framework */ = {isa = PBXFileReference; lastKnownFileType = wrapper.framework; name = GoogleMaps.framework; path = Pods/GoogleMaps/Subspecs/Maps/Frameworks/GoogleMaps.framework; sourceTree = "<group>"; };
		CE2C7A4A1DF09ADD0072F790 /* Repository.swift */ = {isa = PBXFileReference; fileEncoding = 4; lastKnownFileType = sourcecode.swift; path = Repository.swift; sourceTree = "<group>"; };
		CE2C7A4C1DF7C18B0072F790 /* DataUpdater.swift */ = {isa = PBXFileReference; fileEncoding = 4; lastKnownFileType = sourcecode.swift; path = DataUpdater.swift; sourceTree = "<group>"; };
		CE2C7A4D1DF7C18B0072F790 /* Entity.swift */ = {isa = PBXFileReference; fileEncoding = 4; lastKnownFileType = sourcecode.swift; path = Entity.swift; sourceTree = "<group>"; };
		CE2C7A4E1DF7C18B0072F790 /* Work.swift */ = {isa = PBXFileReference; fileEncoding = 4; lastKnownFileType = sourcecode.swift; path = Work.swift; sourceTree = "<group>"; };
		CE2C7A4F1DF7C18B0072F790 /* WorkGroup.swift */ = {isa = PBXFileReference; fileEncoding = 4; lastKnownFileType = sourcecode.swift; path = WorkGroup.swift; sourceTree = "<group>"; };
		CE2C7A541DF7C1B00072F790 /* ModelDataUpdater.swift */ = {isa = PBXFileReference; fileEncoding = 4; lastKnownFileType = sourcecode.swift; path = ModelDataUpdater.swift; sourceTree = "<group>"; };
		CE7283D71DC1171300ED76D1 /* Podfile */ = {isa = PBXFileReference; fileEncoding = 4; lastKnownFileType = text; path = Podfile; sourceTree = "<group>"; xcLanguageSpecificationIdentifier = xcode.lang.ruby; };
		CE7283D91DC25C2D00ED76D1 /* MapMarker.swift */ = {isa = PBXFileReference; fileEncoding = 4; lastKnownFileType = sourcecode.swift; path = MapMarker.swift; sourceTree = "<group>"; };
		CE7283DD1DC25EA200ED76D1 /* MarkersProvider.swift */ = {isa = PBXFileReference; fileEncoding = 4; lastKnownFileType = sourcecode.swift; path = MarkersProvider.swift; sourceTree = "<group>"; };
		CE7283DF1DC27EC500ED76D1 /* MarkersManager.swift */ = {isa = PBXFileReference; fileEncoding = 4; lastKnownFileType = sourcecode.swift; path = MarkersManager.swift; sourceTree = "<group>"; };
		CE7283E11DC2853600ED76D1 /* MapViewProtocol.swift */ = {isa = PBXFileReference; fileEncoding = 4; lastKnownFileType = sourcecode.swift; path = MapViewProtocol.swift; sourceTree = "<group>"; };
		CE7283EA1DC5F2BB00ED76D1 /* XCTest.framework */ = {isa = PBXFileReference; lastKnownFileType = wrapper.framework; name = XCTest.framework; path = Platforms/iPhoneOS.platform/Developer/Library/Frameworks/XCTest.framework; sourceTree = DEVELOPER_DIR; };
		CE7283F11DC60EE500ED76D1 /* Alamofire.framework */ = {isa = PBXFileReference; lastKnownFileType = wrapper.framework; name = Alamofire.framework; path = "../../Library/Developer/Xcode/DerivedData/CarServiceInfo-hhrfvblvedxajoenfnpxhduiuezn/Build/Products/Debug-iphonesimulator/Alamofire/Alamofire.framework"; sourceTree = "<group>"; };
		CE7283F41DC660AD00ED76D1 /* Pods_CarServiceInfo.framework */ = {isa = PBXFileReference; lastKnownFileType = wrapper.framework; name = Pods_CarServiceInfo.framework; path = "../../Library/Developer/Xcode/DerivedData/CarServiceInfo-hhrfvblvedxajoenfnpxhduiuezn/Build/Products/Debug-iphonesimulator/Pods_CarServiceInfo.framework"; sourceTree = "<group>"; };
		F4DBC2268F4B2F6A495A6925 /* Pods-CarServiceInfo.debug.xcconfig */ = {isa = PBXFileReference; includeInIndex = 1; lastKnownFileType = text.xcconfig; name = "Pods-CarServiceInfo.debug.xcconfig"; path = "Pods/Target Support Files/Pods-CarServiceInfo/Pods-CarServiceInfo.debug.xcconfig"; sourceTree = "<group>"; };
		F9A831C1B418234831C1A983 /* Pods-CarServiceInfoTests.debug.xcconfig */ = {isa = PBXFileReference; includeInIndex = 1; lastKnownFileType = text.xcconfig; name = "Pods-CarServiceInfoTests.debug.xcconfig"; path = "Pods/Target Support Files/Pods-CarServiceInfoTests/Pods-CarServiceInfoTests.debug.xcconfig"; sourceTree = "<group>"; };
/* End PBXFileReference section */

/* Begin PBXFrameworksBuildPhase section */
		97536CC31DA8E53900D56DCF /* Frameworks */ = {
			isa = PBXFrameworksBuildPhase;
			buildActionMask = 2147483647;
			files = (
				401CA89FC77C22DDCA6443E2 /* Pods_CarServiceInfo.framework in Frameworks */,
			);
			runOnlyForDeploymentPostprocessing = 0;
		};
		97536CDA1DA8E53900D56DCF /* Frameworks */ = {
			isa = PBXFrameworksBuildPhase;
			buildActionMask = 2147483647;
			files = (
				CE7283F51DC660AD00ED76D1 /* Pods_CarServiceInfo.framework in Frameworks */,
				CE7283F31DC65F7C00ED76D1 /* Alamofire.framework in Frameworks */,
				7ED9CB3AE0891D6D729C5205 /* Pods_CarServiceInfoTests.framework in Frameworks */,
			);
			runOnlyForDeploymentPostprocessing = 0;
		};
		97536CE51DA8E53900D56DCF /* Frameworks */ = {
			isa = PBXFrameworksBuildPhase;
			buildActionMask = 2147483647;
			files = (
			);
			runOnlyForDeploymentPostprocessing = 0;
		};
/* End PBXFrameworksBuildPhase section */

/* Begin PBXGroup section */
		809CE8AE7586CC9E94749B69 /* Pods */ = {
			isa = PBXGroup;
			children = (
				F4DBC2268F4B2F6A495A6925 /* Pods-CarServiceInfo.debug.xcconfig */,
				C56A26885BEB0DB2383DE401 /* Pods-CarServiceInfo.release.xcconfig */,
				F9A831C1B418234831C1A983 /* Pods-CarServiceInfoTests.debug.xcconfig */,
				79C89FD1394BE32BAF1ED791 /* Pods-CarServiceInfoTests.release.xcconfig */,
			);
			name = Pods;
			sourceTree = "<group>";
		};
		97536CBD1DA8E53800D56DCF = {
			isa = PBXGroup;
			children = (
				CE7283D71DC1171300ED76D1 /* Podfile */,
				97536CC81DA8E53900D56DCF /* CarServiceInfo */,
				97536CE01DA8E53900D56DCF /* CarServiceInfoTests */,
				97536CEB1DA8E53900D56DCF /* CarServiceInfoUITests */,
				97536CC71DA8E53900D56DCF /* Products */,
				809CE8AE7586CC9E94749B69 /* Pods */,
				EF1CAD431D635AC3A1BF5D7E /* Frameworks */,
			);
			sourceTree = "<group>";
		};
		97536CC71DA8E53900D56DCF /* Products */ = {
			isa = PBXGroup;
			children = (
				97536CC61DA8E53900D56DCF /* CarServiceInfo.app */,
				97536CDD1DA8E53900D56DCF /* CarServiceInfoTests.xctest */,
				97536CE81DA8E53900D56DCF /* CarServiceInfoUITests.xctest */,
			);
			name = Products;
			sourceTree = "<group>";
		};
		97536CC81DA8E53900D56DCF /* CarServiceInfo */ = {
			isa = PBXGroup;
			children = (
				97536CFF1DA8F04C00D56DCF /* Service */,
				97536CFC1DA8F02000D56DCF /* Controller */,
				97536CFB1DA8F01900D56DCF /* View */,
				97536CFA1DA8F00F00D56DCF /* Model */,
				97536CC91DA8E53900D56DCF /* AppDelegate.swift */,
				97536CCB1DA8E53900D56DCF /* ViewController.swift */,
				97536CCD1DA8E53900D56DCF /* Main.storyboard */,
				97536CD31DA8E53900D56DCF /* Assets.xcassets */,
				97536CD51DA8E53900D56DCF /* LaunchScreen.storyboard */,
				97536CD81DA8E53900D56DCF /* Info.plist */,
				97536CD01DA8E53900D56DCF /* CarServiceInfo.xcdatamodeld */,
			);
			path = CarServiceInfo;
			sourceTree = "<group>";
		};
		97536CE01DA8E53900D56DCF /* CarServiceInfoTests */ = {
			isa = PBXGroup;
			children = (
				97536CE11DA8E53900D56DCF /* CarServiceInfoTests.swift */,
				97536CE31DA8E53900D56DCF /* Info.plist */,
			);
			path = CarServiceInfoTests;
			sourceTree = "<group>";
		};
		97536CEB1DA8E53900D56DCF /* CarServiceInfoUITests */ = {
			isa = PBXGroup;
			children = (
				97536CEC1DA8E53900D56DCF /* CarServiceInfoUITests.swift */,
				97536CEE1DA8E53900D56DCF /* Info.plist */,
			);
			path = CarServiceInfoUITests;
			sourceTree = "<group>";
		};
		97536CFA1DA8F00F00D56DCF /* Model */ = {
			isa = PBXGroup;
			children = (
				CE2C79F31DDF88F40072F790 /* Works */,
				97941DD01DDD5A5C007FCC3E /* Map */,
				97941DCF1DDD5A45007FCC3E /* Price */,
				CE2C7A4A1DF09ADD0072F790 /* Repository.swift */,
			);
			name = Model;
			sourceTree = "<group>";
		};
		97536CFB1DA8F01900D56DCF /* View */ = {
			isa = PBXGroup;
			children = (
				97941DD11DDD5A79007FCC3E /* Work */,
				97941DD21DDD5A86007FCC3E /* Map */,
			);
			name = View;
			sourceTree = "<group>";
		};
		97536CFC1DA8F02000D56DCF /* Controller */ = {
			isa = PBXGroup;
			children = (
				97941DD41DDD5A9D007FCC3E /* Map */,
				97941DD31DDD5A92007FCC3E /* Work */,
			);
			name = Controller;
			sourceTree = "<group>";
		};
		97536CFF1DA8F04C00D56DCF /* Service */ = {
			isa = PBXGroup;
			children = (
				9727BA6A1DB3B64B003D1272 /* Constants.swift */,
				9727BA6C1DB3BEBC003D1272 /* CurrentNews.swift */,
			);
			name = Service;
			sourceTree = "<group>";
		};
		9787D22B1DB23F5700EEE271 /* Generated */ = {
			isa = PBXGroup;
			children = (
				9787D23F1DB25C6500EEE271 /* Image+CoreDataProperties.swift */,
				9787D2411DB25C6500EEE271 /* PriceGroup+CoreDataProperties.swift */,
				9787D2431DB25C6500EEE271 /* Price+CoreDataProperties.swift */,
			);
			name = Generated;
			sourceTree = "<group>";
		};
		97941DCF1DDD5A45007FCC3E /* Price */ = {
			isa = PBXGroup;
			children = (
				9787D23E1DB25C6500EEE271 /* Image+CoreDataClass.swift */,
				9787D2401DB25C6500EEE271 /* PriceGroup+CoreDataClass.swift */,
				9787D2421DB25C6500EEE271 /* Price+CoreDataClass.swift */,
				9794279F1DB5F36100F88A74 /* PriceDB.swift */,
				9794279D1DB5EEAE00F88A74 /* Message.swift */,
				9787D22B1DB23F5700EEE271 /* Generated */,
			);
			name = Price;
			sourceTree = "<group>";
		};
		97941DD01DDD5A5C007FCC3E /* Map */ = {
			isa = PBXGroup;
			children = (
				CE7283D91DC25C2D00ED76D1 /* MapMarker.swift */,
				CE7283DD1DC25EA200ED76D1 /* MarkersProvider.swift */,
				CE7283DF1DC27EC500ED76D1 /* MarkersManager.swift */,
				CE2C79E01DCF67C70072F790 /* MapViewDecorator.swift */,
			);
			name = Map;
			sourceTree = "<group>";
		};
		97941DD11DDD5A79007FCC3E /* Work */ = {
			isa = PBXGroup;
			children = (
				9787D2361DB2542800EEE271 /* WorkGroupCell.swift */,
				9787D24A1DB2683C00EEE271 /* WorkCell.swift */,
			);
			name = Work;
			sourceTree = "<group>";
		};
		97941DD21DDD5A86007FCC3E /* Map */ = {
			isa = PBXGroup;
			children = (
				CE7283E11DC2853600ED76D1 /* MapViewProtocol.swift */,
			);
			name = Map;
			sourceTree = "<group>";
		};
		97941DD31DDD5A92007FCC3E /* Work */ = {
			isa = PBXGroup;
			children = (
				9787D22E1DB24B3200EEE271 /* WorkGroupKindVC.swift */,
				9787D2301DB2519100EEE271 /* WorkGroupVC.swift */,
				9787D2321DB251EE00EEE271 /* WorkVC.swift */,
			);
			name = Work;
			sourceTree = "<group>";
		};
		97941DD41DDD5A9D007FCC3E /* Map */ = {
			isa = PBXGroup;
			children = (
				9787D22C1DB246D100EEE271 /* MapVC.swift */,
			);
			name = Map;
			sourceTree = "<group>";
		};
		CE2C79F31DDF88F40072F790 /* Works */ = {
			isa = PBXGroup;
			children = (
				CE2C7A541DF7C1B00072F790 /* ModelDataUpdater.swift */,
				CE2C7A4C1DF7C18B0072F790 /* DataUpdater.swift */,
				CE2C7A4D1DF7C18B0072F790 /* Entity.swift */,
				CE2C7A4E1DF7C18B0072F790 /* Work.swift */,
				CE2C7A4F1DF7C18B0072F790 /* WorkGroup.swift */,
			);
			name = Works;
			sourceTree = "<group>";
		};
		EF1CAD431D635AC3A1BF5D7E /* Frameworks */ = {
			isa = PBXGroup;
			children = (
				CE2C7A021DE2A0810072F790 /* GoogleMaps.framework */,
				CE7283F41DC660AD00ED76D1 /* Pods_CarServiceInfo.framework */,
				CE7283F11DC60EE500ED76D1 /* Alamofire.framework */,
				CE7283EA1DC5F2BB00ED76D1 /* XCTest.framework */,
				19D2AC2C127403293D88395F /* Pods_CarServiceInfo.framework */,
				940FBA65508FA37E61B43D94 /* Pods_CarServiceInfoTests.framework */,
				C7A960537ED405FDBD2913D4 /* Pods_CarServiceInfoUITests.framework */,
			);
			name = Frameworks;
			sourceTree = "<group>";
		};
/* End PBXGroup section */

/* Begin PBXNativeTarget section */
		97536CC51DA8E53900D56DCF /* CarServiceInfo */ = {
			isa = PBXNativeTarget;
			buildConfigurationList = 97536CF11DA8E53900D56DCF /* Build configuration list for PBXNativeTarget "CarServiceInfo" */;
			buildPhases = (
				4180A19647D5AD0ADB6CE24F /* [CP] Check Pods Manifest.lock */,
				97536CC21DA8E53900D56DCF /* Sources */,
				97536CC31DA8E53900D56DCF /* Frameworks */,
				97536CC41DA8E53900D56DCF /* Resources */,
				01F5D4E07ED3F0AC84C42772 /* [CP] Embed Pods Frameworks */,
				444FA4F99E0DB39411AC4E08 /* [CP] Copy Pods Resources */,
			);
			buildRules = (
			);
			dependencies = (
			);
			name = CarServiceInfo;
			productName = CarServiceInfo;
			productReference = 97536CC61DA8E53900D56DCF /* CarServiceInfo.app */;
			productType = "com.apple.product-type.application";
		};
		97536CDC1DA8E53900D56DCF /* CarServiceInfoTests */ = {
			isa = PBXNativeTarget;
			buildConfigurationList = 97536CF41DA8E53900D56DCF /* Build configuration list for PBXNativeTarget "CarServiceInfoTests" */;
			buildPhases = (
				0D7A76C6546ECF8A737946A8 /* [CP] Check Pods Manifest.lock */,
				97536CD91DA8E53900D56DCF /* Sources */,
				97536CDA1DA8E53900D56DCF /* Frameworks */,
				97536CDB1DA8E53900D56DCF /* Resources */,
				B72EEBDE0148B089846CEC26 /* [CP] Embed Pods Frameworks */,
				D4BEAD075C6540F0076D9F3C /* [CP] Copy Pods Resources */,
			);
			buildRules = (
			);
			dependencies = (
				97536CDF1DA8E53900D56DCF /* PBXTargetDependency */,
			);
			name = CarServiceInfoTests;
			productName = CarServiceInfoTests;
			productReference = 97536CDD1DA8E53900D56DCF /* CarServiceInfoTests.xctest */;
			productType = "com.apple.product-type.bundle.unit-test";
		};
		97536CE71DA8E53900D56DCF /* CarServiceInfoUITests */ = {
			isa = PBXNativeTarget;
			buildConfigurationList = 97536CF71DA8E53900D56DCF /* Build configuration list for PBXNativeTarget "CarServiceInfoUITests" */;
			buildPhases = (
				97536CE41DA8E53900D56DCF /* Sources */,
				97536CE51DA8E53900D56DCF /* Frameworks */,
				97536CE61DA8E53900D56DCF /* Resources */,
			);
			buildRules = (
			);
			dependencies = (
				97536CEA1DA8E53900D56DCF /* PBXTargetDependency */,
			);
			name = CarServiceInfoUITests;
			productName = CarServiceInfoUITests;
			productReference = 97536CE81DA8E53900D56DCF /* CarServiceInfoUITests.xctest */;
			productType = "com.apple.product-type.bundle.ui-testing";
		};
/* End PBXNativeTarget section */

/* Begin PBXProject section */
		97536CBE1DA8E53800D56DCF /* Project object */ = {
			isa = PBXProject;
			attributes = {
				LastSwiftUpdateCheck = 0800;
				LastUpgradeCheck = 0800;
				ORGANIZATIONNAME = "ALEKSEY SAMOYLOV";
				TargetAttributes = {
					97536CC51DA8E53900D56DCF = {
						CreatedOnToolsVersion = 8.0;
						ProvisioningStyle = Automatic;
					};
					97536CDC1DA8E53900D56DCF = {
						CreatedOnToolsVersion = 8.0;
						DevelopmentTeam = 7472D832U2;
						ProvisioningStyle = Automatic;
						TestTargetID = 97536CC51DA8E53900D56DCF;
					};
					97536CE71DA8E53900D56DCF = {
						CreatedOnToolsVersion = 8.0;
						DevelopmentTeam = 7472D832U2;
						ProvisioningStyle = Automatic;
						TestTargetID = 97536CC51DA8E53900D56DCF;
					};
				};
			};
			buildConfigurationList = 97536CC11DA8E53800D56DCF /* Build configuration list for PBXProject "CarServiceInfo" */;
			compatibilityVersion = "Xcode 8.0";
			developmentRegion = English;
			hasScannedForEncodings = 0;
			knownRegions = (
				en,
				Base,
			);
			mainGroup = 97536CBD1DA8E53800D56DCF;
			productRefGroup = 97536CC71DA8E53900D56DCF /* Products */;
			projectDirPath = "";
			projectRoot = "";
			targets = (
				97536CC51DA8E53900D56DCF /* CarServiceInfo */,
				97536CDC1DA8E53900D56DCF /* CarServiceInfoTests */,
				97536CE71DA8E53900D56DCF /* CarServiceInfoUITests */,
			);
		};
/* End PBXProject section */

/* Begin PBXResourcesBuildPhase section */
		97536CC41DA8E53900D56DCF /* Resources */ = {
			isa = PBXResourcesBuildPhase;
			buildActionMask = 2147483647;
			files = (
				97536CD71DA8E53900D56DCF /* LaunchScreen.storyboard in Resources */,
				97536CD41DA8E53900D56DCF /* Assets.xcassets in Resources */,
				CE7283D81DC1171300ED76D1 /* Podfile in Resources */,
				97536CCF1DA8E53900D56DCF /* Main.storyboard in Resources */,
			);
			runOnlyForDeploymentPostprocessing = 0;
		};
		97536CDB1DA8E53900D56DCF /* Resources */ = {
			isa = PBXResourcesBuildPhase;
			buildActionMask = 2147483647;
			files = (
			);
			runOnlyForDeploymentPostprocessing = 0;
		};
		97536CE61DA8E53900D56DCF /* Resources */ = {
			isa = PBXResourcesBuildPhase;
			buildActionMask = 2147483647;
			files = (
			);
			runOnlyForDeploymentPostprocessing = 0;
		};
/* End PBXResourcesBuildPhase section */

/* Begin PBXShellScriptBuildPhase section */
		01F5D4E07ED3F0AC84C42772 /* [CP] Embed Pods Frameworks */ = {
			isa = PBXShellScriptBuildPhase;
			buildActionMask = 2147483647;
			files = (
			);
			inputPaths = (
			);
			name = "[CP] Embed Pods Frameworks";
			outputPaths = (
			);
			runOnlyForDeploymentPostprocessing = 0;
			shellPath = /bin/sh;
			shellScript = "\"${SRCROOT}/Pods/Target Support Files/Pods-CarServiceInfo/Pods-CarServiceInfo-frameworks.sh\"\n";
			showEnvVarsInLog = 0;
		};
		0D7A76C6546ECF8A737946A8 /* [CP] Check Pods Manifest.lock */ = {
			isa = PBXShellScriptBuildPhase;
			buildActionMask = 2147483647;
			files = (
			);
			inputPaths = (
			);
			name = "[CP] Check Pods Manifest.lock";
			outputPaths = (
			);
			runOnlyForDeploymentPostprocessing = 0;
			shellPath = /bin/sh;
			shellScript = "diff \"${PODS_ROOT}/../Podfile.lock\" \"${PODS_ROOT}/Manifest.lock\" > /dev/null\nif [ $? != 0 ] ; then\n    # print error to STDERR\n    echo \"error: The sandbox is not in sync with the Podfile.lock. Run 'pod install' or update your CocoaPods installation.\" >&2\n    exit 1\nfi\n";
			showEnvVarsInLog = 0;
		};
		4180A19647D5AD0ADB6CE24F /* [CP] Check Pods Manifest.lock */ = {
			isa = PBXShellScriptBuildPhase;
			buildActionMask = 2147483647;
			files = (
			);
			inputPaths = (
			);
			name = "[CP] Check Pods Manifest.lock";
			outputPaths = (
			);
			runOnlyForDeploymentPostprocessing = 0;
			shellPath = /bin/sh;
			shellScript = "diff \"${PODS_ROOT}/../Podfile.lock\" \"${PODS_ROOT}/Manifest.lock\" > /dev/null\nif [ $? != 0 ] ; then\n    # print error to STDERR\n    echo \"error: The sandbox is not in sync with the Podfile.lock. Run 'pod install' or update your CocoaPods installation.\" >&2\n    exit 1\nfi\n";
			showEnvVarsInLog = 0;
		};
		444FA4F99E0DB39411AC4E08 /* [CP] Copy Pods Resources */ = {
			isa = PBXShellScriptBuildPhase;
			buildActionMask = 2147483647;
			files = (
			);
			inputPaths = (
			);
			name = "[CP] Copy Pods Resources";
			outputPaths = (
			);
			runOnlyForDeploymentPostprocessing = 0;
			shellPath = /bin/sh;
			shellScript = "\"${SRCROOT}/Pods/Target Support Files/Pods-CarServiceInfo/Pods-CarServiceInfo-resources.sh\"\n";
			showEnvVarsInLog = 0;
		};
		B72EEBDE0148B089846CEC26 /* [CP] Embed Pods Frameworks */ = {
			isa = PBXShellScriptBuildPhase;
			buildActionMask = 2147483647;
			files = (
			);
			inputPaths = (
			);
			name = "[CP] Embed Pods Frameworks";
			outputPaths = (
			);
			runOnlyForDeploymentPostprocessing = 0;
			shellPath = /bin/sh;
			shellScript = "\"${SRCROOT}/Pods/Target Support Files/Pods-CarServiceInfoTests/Pods-CarServiceInfoTests-frameworks.sh\"\n";
			showEnvVarsInLog = 0;
		};
		D4BEAD075C6540F0076D9F3C /* [CP] Copy Pods Resources */ = {
			isa = PBXShellScriptBuildPhase;
			buildActionMask = 2147483647;
			files = (
			);
			inputPaths = (
			);
			name = "[CP] Copy Pods Resources";
			outputPaths = (
			);
			runOnlyForDeploymentPostprocessing = 0;
			shellPath = /bin/sh;
			shellScript = "\"${SRCROOT}/Pods/Target Support Files/Pods-CarServiceInfoTests/Pods-CarServiceInfoTests-resources.sh\"\n";
			showEnvVarsInLog = 0;
		};
/* End PBXShellScriptBuildPhase section */

/* Begin PBXSourcesBuildPhase section */
		97536CC21DA8E53900D56DCF /* Sources */ = {
			isa = PBXSourcesBuildPhase;
			buildActionMask = 2147483647;
			files = (
				CE2C7A531DF7C18B0072F790 /* WorkGroup.swift in Sources */,
				CE2C7A4B1DF09ADD0072F790 /* Repository.swift in Sources */,
				979427A01DB5F36100F88A74 /* PriceDB.swift in Sources */,
				CE2C7A551DF7C1B00072F790 /* ModelDataUpdater.swift in Sources */,
				97536CCC1DA8E53900D56DCF /* ViewController.swift in Sources */,
				9787D2481DB25C6500EEE271 /* Price+CoreDataClass.swift in Sources */,
				9787D2461DB25C6500EEE271 /* PriceGroup+CoreDataClass.swift in Sources */,
				9787D22D1DB246D100EEE271 /* MapVC.swift in Sources */,
				9787D2331DB251EE00EEE271 /* WorkVC.swift in Sources */,
				CE2C7A501DF7C18B0072F790 /* DataUpdater.swift in Sources */,
				CE2C7A521DF7C18B0072F790 /* Work.swift in Sources */,
				97536CCA1DA8E53900D56DCF /* AppDelegate.swift in Sources */,
				9787D2371DB2542800EEE271 /* WorkGroupCell.swift in Sources */,
				9794279E1DB5EEAE00F88A74 /* Message.swift in Sources */,
				9727BA6D1DB3BEBC003D1272 /* CurrentNews.swift in Sources */,
				CE7283E21DC2853600ED76D1 /* MapViewProtocol.swift in Sources */,
				CE7283E01DC27EC500ED76D1 /* MarkersManager.swift in Sources */,
				CE7283DA1DC25C2D00ED76D1 /* MapMarker.swift in Sources */,
				9727BA6B1DB3B64B003D1272 /* Constants.swift in Sources */,
				9787D22F1DB24B3200EEE271 /* WorkGroupKindVC.swift in Sources */,
				9787D2471DB25C6500EEE271 /* PriceGroup+CoreDataProperties.swift in Sources */,
				9787D2311DB2519100EEE271 /* WorkGroupVC.swift in Sources */,
				97536CD21DA8E53900D56DCF /* CarServiceInfo.xcdatamodeld in Sources */,
				9787D2441DB25C6500EEE271 /* Image+CoreDataClass.swift in Sources */,
				9787D2451DB25C6500EEE271 /* Image+CoreDataProperties.swift in Sources */,
				CE7283DE1DC25EA200ED76D1 /* MarkersProvider.swift in Sources */,
				CE2C7A511DF7C18B0072F790 /* Entity.swift in Sources */,
				CE2C79E11DCF67C70072F790 /* MapViewDecorator.swift in Sources */,
				9787D24B1DB2683C00EEE271 /* WorkCell.swift in Sources */,
				9787D2491DB25C6500EEE271 /* Price+CoreDataProperties.swift in Sources */,
			);
			runOnlyForDeploymentPostprocessing = 0;
		};
		97536CD91DA8E53900D56DCF /* Sources */ = {
			isa = PBXSourcesBuildPhase;
			buildActionMask = 2147483647;
			files = (
				97536CE21DA8E53900D56DCF /* CarServiceInfoTests.swift in Sources */,
			);
			runOnlyForDeploymentPostprocessing = 0;
		};
		97536CE41DA8E53900D56DCF /* Sources */ = {
			isa = PBXSourcesBuildPhase;
			buildActionMask = 2147483647;
			files = (
				97536CED1DA8E53900D56DCF /* CarServiceInfoUITests.swift in Sources */,
			);
			runOnlyForDeploymentPostprocessing = 0;
		};
/* End PBXSourcesBuildPhase section */

/* Begin PBXTargetDependency section */
		97536CDF1DA8E53900D56DCF /* PBXTargetDependency */ = {
			isa = PBXTargetDependency;
			target = 97536CC51DA8E53900D56DCF /* CarServiceInfo */;
			targetProxy = 97536CDE1DA8E53900D56DCF /* PBXContainerItemProxy */;
		};
		97536CEA1DA8E53900D56DCF /* PBXTargetDependency */ = {
			isa = PBXTargetDependency;
			target = 97536CC51DA8E53900D56DCF /* CarServiceInfo */;
			targetProxy = 97536CE91DA8E53900D56DCF /* PBXContainerItemProxy */;
		};
/* End PBXTargetDependency section */

/* Begin PBXVariantGroup section */
		97536CCD1DA8E53900D56DCF /* Main.storyboard */ = {
			isa = PBXVariantGroup;
			children = (
				97536CCE1DA8E53900D56DCF /* Base */,
			);
			name = Main.storyboard;
			sourceTree = "<group>";
		};
		97536CD51DA8E53900D56DCF /* LaunchScreen.storyboard */ = {
			isa = PBXVariantGroup;
			children = (
				97536CD61DA8E53900D56DCF /* Base */,
			);
			name = LaunchScreen.storyboard;
			sourceTree = "<group>";
		};
/* End PBXVariantGroup section */

/* Begin XCBuildConfiguration section */
		97536CEF1DA8E53900D56DCF /* Debug */ = {
			isa = XCBuildConfiguration;
			buildSettings = {
				ALWAYS_SEARCH_USER_PATHS = YES;
				CLANG_ANALYZER_NONNULL = YES;
				CLANG_CXX_LANGUAGE_STANDARD = "gnu++0x";
				CLANG_CXX_LIBRARY = "libc++";
				CLANG_ENABLE_MODULES = YES;
				CLANG_ENABLE_OBJC_ARC = YES;
				CLANG_WARN_BOOL_CONVERSION = YES;
				CLANG_WARN_CONSTANT_CONVERSION = YES;
				CLANG_WARN_DIRECT_OBJC_ISA_USAGE = YES_ERROR;
				CLANG_WARN_DOCUMENTATION_COMMENTS = YES;
				CLANG_WARN_EMPTY_BODY = YES;
				CLANG_WARN_ENUM_CONVERSION = YES;
				CLANG_WARN_INFINITE_RECURSION = YES;
				CLANG_WARN_INT_CONVERSION = YES;
				CLANG_WARN_OBJC_ROOT_CLASS = YES_ERROR;
				CLANG_WARN_SUSPICIOUS_MOVES = YES;
				CLANG_WARN_UNREACHABLE_CODE = YES;
				CLANG_WARN__DUPLICATE_METHOD_MATCH = YES;
				"CODE_SIGN_IDENTITY[sdk=iphoneos*]" = "iPhone Developer";
				COPY_PHASE_STRIP = NO;
				DEBUG_INFORMATION_FORMAT = dwarf;
				ENABLE_STRICT_OBJC_MSGSEND = YES;
				ENABLE_TESTABILITY = YES;
				GCC_C_LANGUAGE_STANDARD = gnu99;
				GCC_DYNAMIC_NO_PIC = NO;
				GCC_NO_COMMON_BLOCKS = YES;
				GCC_OPTIMIZATION_LEVEL = 0;
				GCC_PREPROCESSOR_DEFINITIONS = (
					"DEBUG=1",
					"$(inherited)",
				);
				GCC_WARN_64_TO_32_BIT_CONVERSION = YES;
				GCC_WARN_ABOUT_RETURN_TYPE = YES_ERROR;
				GCC_WARN_UNDECLARED_SELECTOR = YES;
				GCC_WARN_UNINITIALIZED_AUTOS = YES_AGGRESSIVE;
				GCC_WARN_UNUSED_FUNCTION = YES;
				GCC_WARN_UNUSED_VARIABLE = YES;
				IPHONEOS_DEPLOYMENT_TARGET = 10.0;
				MTL_ENABLE_DEBUG_INFO = YES;
				ONLY_ACTIVE_ARCH = YES;
				SDKROOT = iphoneos;
				SWIFT_ACTIVE_COMPILATION_CONDITIONS = DEBUG;
				SWIFT_OPTIMIZATION_LEVEL = "-Onone";
				TARGETED_DEVICE_FAMILY = "1,2";
			};
			name = Debug;
		};
		97536CF01DA8E53900D56DCF /* Release */ = {
			isa = XCBuildConfiguration;
			buildSettings = {
				ALWAYS_SEARCH_USER_PATHS = YES;
				CLANG_ANALYZER_NONNULL = YES;
				CLANG_CXX_LANGUAGE_STANDARD = "gnu++0x";
				CLANG_CXX_LIBRARY = "libc++";
				CLANG_ENABLE_MODULES = YES;
				CLANG_ENABLE_OBJC_ARC = YES;
				CLANG_WARN_BOOL_CONVERSION = YES;
				CLANG_WARN_CONSTANT_CONVERSION = YES;
				CLANG_WARN_DIRECT_OBJC_ISA_USAGE = YES_ERROR;
				CLANG_WARN_DOCUMENTATION_COMMENTS = YES;
				CLANG_WARN_EMPTY_BODY = YES;
				CLANG_WARN_ENUM_CONVERSION = YES;
				CLANG_WARN_INFINITE_RECURSION = YES;
				CLANG_WARN_INT_CONVERSION = YES;
				CLANG_WARN_OBJC_ROOT_CLASS = YES_ERROR;
				CLANG_WARN_SUSPICIOUS_MOVES = YES;
				CLANG_WARN_UNREACHABLE_CODE = YES;
				CLANG_WARN__DUPLICATE_METHOD_MATCH = YES;
				"CODE_SIGN_IDENTITY[sdk=iphoneos*]" = "iPhone Developer";
				COPY_PHASE_STRIP = NO;
				DEBUG_INFORMATION_FORMAT = "dwarf-with-dsym";
				ENABLE_NS_ASSERTIONS = NO;
				ENABLE_STRICT_OBJC_MSGSEND = YES;
				GCC_C_LANGUAGE_STANDARD = gnu99;
				GCC_NO_COMMON_BLOCKS = YES;
				GCC_WARN_64_TO_32_BIT_CONVERSION = YES;
				GCC_WARN_ABOUT_RETURN_TYPE = YES_ERROR;
				GCC_WARN_UNDECLARED_SELECTOR = YES;
				GCC_WARN_UNINITIALIZED_AUTOS = YES_AGGRESSIVE;
				GCC_WARN_UNUSED_FUNCTION = YES;
				GCC_WARN_UNUSED_VARIABLE = YES;
				IPHONEOS_DEPLOYMENT_TARGET = 10.0;
				MTL_ENABLE_DEBUG_INFO = NO;
				SDKROOT = iphoneos;
				SWIFT_OPTIMIZATION_LEVEL = "-Owholemodule";
				TARGETED_DEVICE_FAMILY = "1,2";
				VALIDATE_PRODUCT = YES;
			};
			name = Release;
		};
		97536CF21DA8E53900D56DCF /* Debug */ = {
			isa = XCBuildConfiguration;
			baseConfigurationReference = F4DBC2268F4B2F6A495A6925 /* Pods-CarServiceInfo.debug.xcconfig */;
			buildSettings = {
				ASSETCATALOG_COMPILER_APPICON_NAME = AppIcon;
				DEVELOPMENT_TEAM = 7472D832U2;
				INFOPLIST_FILE = CarServiceInfo/Info.plist;
				IPHONEOS_DEPLOYMENT_TARGET = 10.0;
				LD_RUNPATH_SEARCH_PATHS = "$(inherited) @executable_path/Frameworks";
				PRODUCT_BUNDLE_IDENTIFIER = com.alekseysamoylov.CarServiceInfo;
				PRODUCT_NAME = "$(TARGET_NAME)";
				SWIFT_VERSION = 3.0;
				TARGETED_DEVICE_FAMILY = 1;
			};
			name = Debug;
		};
		97536CF31DA8E53900D56DCF /* Release */ = {
			isa = XCBuildConfiguration;
			baseConfigurationReference = C56A26885BEB0DB2383DE401 /* Pods-CarServiceInfo.release.xcconfig */;
			buildSettings = {
				ASSETCATALOG_COMPILER_APPICON_NAME = AppIcon;
				DEVELOPMENT_TEAM = 7472D832U2;
				INFOPLIST_FILE = CarServiceInfo/Info.plist;
				IPHONEOS_DEPLOYMENT_TARGET = 10.0;
				LD_RUNPATH_SEARCH_PATHS = "$(inherited) @executable_path/Frameworks";
				PRODUCT_BUNDLE_IDENTIFIER = com.alekseysamoylov.CarServiceInfo;
				PRODUCT_NAME = "$(TARGET_NAME)";
				SWIFT_VERSION = 3.0;
				TARGETED_DEVICE_FAMILY = 1;
			};
			name = Release;
		};
		97536CF51DA8E53900D56DCF /* Debug */ = {
			isa = XCBuildConfiguration;
			baseConfigurationReference = F9A831C1B418234831C1A983 /* Pods-CarServiceInfoTests.debug.xcconfig */;
			buildSettings = {
				ALWAYS_EMBED_SWIFT_STANDARD_LIBRARIES = YES;
				BUNDLE_LOADER = "$(TEST_HOST)";
				DEVELOPMENT_TEAM = 7472D832U2;
				FRAMEWORK_SEARCH_PATHS = (
					"$(inherited)",
					"$(PROJECT_DIR)/Pods/GoogleMaps/Subspecs/Maps/Frameworks",
				);
				"FRAMEWORK_SEARCH_PATHS[arch=*]" = (
					"$(inherited)",
					"\"$PODS_CONFIGURATION_BUILD_DIR/Alamofire\"",
					"\"${PODS_ROOT}/GoogleMaps/Subspecs/Base/Frameworks\"",
					"\"${PODS_ROOT}/GoogleMaps/Subspecs/Maps/Frameworks\"",
				);
				INFOPLIST_FILE = CarServiceInfoTests/Info.plist;
				LD_RUNPATH_SEARCH_PATHS = "$(inherited) @executable_path/Frameworks @loader_path/Frameworks";
				"OTHER_LDFLAGS[arch=*]" = "$(inherited)";
				PRODUCT_BUNDLE_IDENTIFIER = com.alekseysamoylov.CarServiceInfoTests;
				PRODUCT_NAME = "$(TARGET_NAME)";
				SWIFT_VERSION = 3.0;
				TEST_HOST = "$(BUILT_PRODUCTS_DIR)/CarServiceInfo.app/CarServiceInfo";
			};
			name = Debug;
		};
		97536CF61DA8E53900D56DCF /* Release */ = {
			isa = XCBuildConfiguration;
			baseConfigurationReference = 79C89FD1394BE32BAF1ED791 /* Pods-CarServiceInfoTests.release.xcconfig */;
			buildSettings = {
				ALWAYS_EMBED_SWIFT_STANDARD_LIBRARIES = YES;
				BUNDLE_LOADER = "$(TEST_HOST)";
				DEVELOPMENT_TEAM = 7472D832U2;
				FRAMEWORK_SEARCH_PATHS = (
					"$(inherited)",
					"$(PROJECT_DIR)/Pods/GoogleMaps/Subspecs/Maps/Frameworks",
				);
				INFOPLIST_FILE = CarServiceInfoTests/Info.plist;
				LD_RUNPATH_SEARCH_PATHS = "$(inherited) @executable_path/Frameworks @loader_path/Frameworks";
				"OTHER_LDFLAGS[arch=*]" = "$(inherited)";
				PRODUCT_BUNDLE_IDENTIFIER = com.alekseysamoylov.CarServiceInfoTests;
				PRODUCT_NAME = "$(TARGET_NAME)";
				SWIFT_VERSION = 3.0;
				TEST_HOST = "$(BUILT_PRODUCTS_DIR)/CarServiceInfo.app/CarServiceInfo";
			};
			name = Release;
		};
		97536CF81DA8E53900D56DCF /* Debug */ = {
			isa = XCBuildConfiguration;
			buildSettings = {
				ALWAYS_EMBED_SWIFT_STANDARD_LIBRARIES = YES;
				DEVELOPMENT_TEAM = 7472D832U2;
				INFOPLIST_FILE = CarServiceInfoUITests/Info.plist;
				LD_RUNPATH_SEARCH_PATHS = "$(inherited) @executable_path/Frameworks @loader_path/Frameworks";
				PRODUCT_BUNDLE_IDENTIFIER = com.alekseysamoylov.CarServiceInfoUITests;
				PRODUCT_NAME = "$(TARGET_NAME)";
				SWIFT_VERSION = 3.0;
				TEST_TARGET_NAME = CarServiceInfo;
			};
			name = Debug;
		};
		97536CF91DA8E53900D56DCF /* Release */ = {
			isa = XCBuildConfiguration;
			buildSettings = {
				ALWAYS_EMBED_SWIFT_STANDARD_LIBRARIES = YES;
				DEVELOPMENT_TEAM = 7472D832U2;
				INFOPLIST_FILE = CarServiceInfoUITests/Info.plist;
				LD_RUNPATH_SEARCH_PATHS = "$(inherited) @executable_path/Frameworks @loader_path/Frameworks";
				PRODUCT_BUNDLE_IDENTIFIER = com.alekseysamoylov.CarServiceInfoUITests;
				PRODUCT_NAME = "$(TARGET_NAME)";
				SWIFT_VERSION = 3.0;
				TEST_TARGET_NAME = CarServiceInfo;
			};
			name = Release;
		};
/* End XCBuildConfiguration section */

/* Begin XCConfigurationList section */
		97536CC11DA8E53800D56DCF /* Build configuration list for PBXProject "CarServiceInfo" */ = {
			isa = XCConfigurationList;
			buildConfigurations = (
				97536CEF1DA8E53900D56DCF /* Debug */,
				97536CF01DA8E53900D56DCF /* Release */,
			);
			defaultConfigurationIsVisible = 0;
			defaultConfigurationName = Release;
		};
		97536CF11DA8E53900D56DCF /* Build configuration list for PBXNativeTarget "CarServiceInfo" */ = {
			isa = XCConfigurationList;
			buildConfigurations = (
				97536CF21DA8E53900D56DCF /* Debug */,
				97536CF31DA8E53900D56DCF /* Release */,
			);
			defaultConfigurationIsVisible = 0;
			defaultConfigurationName = Release;
		};
		97536CF41DA8E53900D56DCF /* Build configuration list for PBXNativeTarget "CarServiceInfoTests" */ = {
			isa = XCConfigurationList;
			buildConfigurations = (
				97536CF51DA8E53900D56DCF /* Debug */,
				97536CF61DA8E53900D56DCF /* Release */,
			);
			defaultConfigurationIsVisible = 0;
			defaultConfigurationName = Release;
		};
		97536CF71DA8E53900D56DCF /* Build configuration list for PBXNativeTarget "CarServiceInfoUITests" */ = {
			isa = XCConfigurationList;
			buildConfigurations = (
				97536CF81DA8E53900D56DCF /* Debug */,
				97536CF91DA8E53900D56DCF /* Release */,
			);
			defaultConfigurationIsVisible = 0;
			defaultConfigurationName = Release;
		};
/* End XCConfigurationList section */

/* Begin XCVersionGroup section */
		97536CD01DA8E53900D56DCF /* CarServiceInfo.xcdatamodeld */ = {
			isa = XCVersionGroup;
			children = (
				97536CD11DA8E53900D56DCF /* CarServiceInfo.xcdatamodel */,
			);
			currentVersion = 97536CD11DA8E53900D56DCF /* CarServiceInfo.xcdatamodel */;
			path = CarServiceInfo.xcdatamodeld;
			sourceTree = "<group>";
			versionGroupType = wrapper.xcdatamodel;
		};
/* End XCVersionGroup section */
	};
	rootObject = 97536CBE1DA8E53800D56DCF /* Project object */;
}
